// !$*UTF8*$!
{
	archiveVersion = 1;
	classes = {
	};
	objectVersion = 46;
	objects = {

/* Begin PBXBuildFile section */
		5C101E40199CD25D0007C021 /* Foundation.framework in Frameworks */ = {isa = PBXBuildFile; fileRef = 5C101E3F199CD25D0007C021 /* Foundation.framework */; };
		5C101E42199CD25D0007C021 /* CoreGraphics.framework in Frameworks */ = {isa = PBXBuildFile; fileRef = 5C101E41199CD25D0007C021 /* CoreGraphics.framework */; };
		5C101E44199CD25D0007C021 /* UIKit.framework in Frameworks */ = {isa = PBXBuildFile; fileRef = 5C101E43199CD25D0007C021 /* UIKit.framework */; };
		5C101E4A199CD25D0007C021 /* InfoPlist.strings in Resources */ = {isa = PBXBuildFile; fileRef = 5C101E48199CD25D0007C021 /* InfoPlist.strings */; };
		5C101E4C199CD25D0007C021 /* main.m in Sources */ = {isa = PBXBuildFile; fileRef = 5C101E4B199CD25D0007C021 /* main.m */; };
		5C101E50199CD25D0007C021 /* AppDelegate.m in Sources */ = {isa = PBXBuildFile; fileRef = 5C101E4F199CD25D0007C021 /* AppDelegate.m */; };
		5C101E52199CD25D0007C021 /* Images.xcassets in Resources */ = {isa = PBXBuildFile; fileRef = 5C101E51199CD25D0007C021 /* Images.xcassets */; };
		5C101E59199CD25D0007C021 /* XCTest.framework in Frameworks */ = {isa = PBXBuildFile; fileRef = 5C101E58199CD25D0007C021 /* XCTest.framework */; };
		5C101E5A199CD25D0007C021 /* Foundation.framework in Frameworks */ = {isa = PBXBuildFile; fileRef = 5C101E3F199CD25D0007C021 /* Foundation.framework */; };
		5C101E5B199CD25D0007C021 /* UIKit.framework in Frameworks */ = {isa = PBXBuildFile; fileRef = 5C101E43199CD25D0007C021 /* UIKit.framework */; };
		5C101E63199CD25D0007C021 /* InfoPlist.strings in Resources */ = {isa = PBXBuildFile; fileRef = 5C101E61199CD25D0007C021 /* InfoPlist.strings */; };
		5C101E65199CD25D0007C021 /* notificationcenterTests.m in Sources */ = {isa = PBXBuildFile; fileRef = 5C101E64199CD25D0007C021 /* notificationcenterTests.m */; };
/* End PBXBuildFile section */

/* Begin PBXContainerItemProxy section */
		5C101E5C199CD25D0007C021 /* PBXContainerItemProxy */ = {
			isa = PBXContainerItemProxy;
			containerPortal = 5C101E34199CD25D0007C021 /* Project object */;
			proxyType = 1;
			remoteGlobalIDString = 5C101E3B199CD25D0007C021;
			remoteInfo = notificationcenter;
		};
/* End PBXContainerItemProxy section */

/* Begin PBXFileReference section */
		5C101E3C199CD25D0007C021 /* notificationcenter.app */ = {isa = PBXFileReference; explicitFileType = wrapper.application; includeInIndex = 0; path = notificationcenter.app; sourceTree = BUILT_PRODUCTS_DIR; };
		5C101E3F199CD25D0007C021 /* Foundation.framework */ = {isa = PBXFileReference; lastKnownFileType = wrapper.framework; name = Foundation.framework; path = System/Library/Frameworks/Foundation.framework; sourceTree = SDKROOT; };
		5C101E41199CD25D0007C021 /* CoreGraphics.framework */ = {isa = PBXFileReference; lastKnownFileType = wrapper.framework; name = CoreGraphics.framework; path = System/Library/Frameworks/CoreGraphics.framework; sourceTree = SDKROOT; };
		5C101E43199CD25D0007C021 /* UIKit.framework */ = {isa = PBXFileReference; lastKnownFileType = wrapper.framework; name = UIKit.framework; path = System/Library/Frameworks/UIKit.framework; sourceTree = SDKROOT; };
		5C101E47199CD25D0007C021 /* notificationcenter-Info.plist */ = {isa = PBXFileReference; lastKnownFileType = text.plist.xml; path = "notificationcenter-Info.plist"; sourceTree = "<group>"; };
		5C101E49199CD25D0007C021 /* en */ = {isa = PBXFileReference; lastKnownFileType = text.plist.strings; name = en; path = en.lproj/InfoPlist.strings; sourceTree = "<group>"; };
		5C101E4B199CD25D0007C021 /* main.m */ = {isa = PBXFileReference; lastKnownFileType = sourcecode.c.objc; path = main.m; sourceTree = "<group>"; };
		5C101E4D199CD25D0007C021 /* notificationcenter-Prefix.pch */ = {isa = PBXFileReference; lastKnownFileType = sourcecode.c.h; path = "notificationcenter-Prefix.pch"; sourceTree = "<group>"; };
		5C101E4E199CD25D0007C021 /* AppDelegate.h */ = {isa = PBXFileReference; lastKnownFileType = sourcecode.c.h; path = AppDelegate.h; sourceTree = "<group>"; };
		5C101E4F199CD25D0007C021 /* AppDelegate.m */ = {isa = PBXFileReference; lastKnownFileType = sourcecode.c.objc; path = AppDelegate.m; sourceTree = "<group>"; };
		5C101E51199CD25D0007C021 /* Images.xcassets */ = {isa = PBXFileReference; lastKnownFileType = folder.assetcatalog; path = Images.xcassets; sourceTree = "<group>"; };
		5C101E57199CD25D0007C021 /* notificationcenterTests.xctest */ = {isa = PBXFileReference; explicitFileType = wrapper.cfbundle; includeInIndex = 0; path = notificationcenterTests.xctest; sourceTree = BUILT_PRODUCTS_DIR; };
		5C101E58199CD25D0007C021 /* XCTest.framework */ = {isa = PBXFileReference; lastKnownFileType = wrapper.framework; name = XCTest.framework; path = Library/Frameworks/XCTest.framework; sourceTree = DEVELOPER_DIR; };
		5C101E60199CD25D0007C021 /* notificationcenterTests-Info.plist */ = {isa = PBXFileReference; lastKnownFileType = text.plist.xml; path = "notificationcenterTests-Info.plist"; sourceTree = "<group>"; };
		5C101E62199CD25D0007C021 /* en */ = {isa = PBXFileReference; lastKnownFileType = text.plist.strings; name = en; path = en.lproj/InfoPlist.strings; sourceTree = "<group>"; };
		5C101E64199CD25D0007C021 /* notificationcenterTests.m */ = {isa = PBXFileReference; lastKnownFileType = sourcecode.c.objc; path = notificationcenterTests.m; sourceTree = "<group>"; };
/* End PBXFileReference section */

/* Begin PBXFrameworksBuildPhase section */
		5C101E39199CD25D0007C021 /* Frameworks */ = {
			isa = PBXFrameworksBuildPhase;
			buildActionMask = 2147483647;
			files = (
				5C101E42199CD25D0007C021 /* CoreGraphics.framework in Frameworks */,
				5C101E44199CD25D0007C021 /* UIKit.framework in Frameworks */,
				5C101E40199CD25D0007C021 /* Foundation.framework in Frameworks */,
			);
			runOnlyForDeploymentPostprocessing = 0;
		};
		5C101E54199CD25D0007C021 /* Frameworks */ = {
			isa = PBXFrameworksBuildPhase;
			buildActionMask = 2147483647;
			files = (
				5C101E59199CD25D0007C021 /* XCTest.framework in Frameworks */,
				5C101E5B199CD25D0007C021 /* UIKit.framework in Frameworks */,
				5C101E5A199CD25D0007C021 /* Foundation.framework in Frameworks */,
			);
			runOnlyForDeploymentPostprocessing = 0;
		};
/* End PBXFrameworksBuildPhase section */

/* Begin PBXGroup section */
		5C101E33199CD25D0007C021 = {
			isa = PBXGroup;
			children = (
				5C101E45199CD25D0007C021 /* notificationcenter */,
				5C101E5E199CD25D0007C021 /* notificationcenterTests */,
				5C101E3E199CD25D0007C021 /* Frameworks */,
				5C101E3D199CD25D0007C021 /* Products */,
			);
			sourceTree = "<group>";
		};
		5C101E3D199CD25D0007C021 /* Products */ = {
			isa = PBXGroup;
			children = (
				5C101E3C199CD25D0007C021 /* notificationcenter.app */,
				5C101E57199CD25D0007C021 /* notificationcenterTests.xctest */,
			);
			name = Products;
			sourceTree = "<group>";
		};
		5C101E3E199CD25D0007C021 /* Frameworks */ = {
			isa = PBXGroup;
			children = (
				5C101E3F199CD25D0007C021 /* Foundation.framework */,
				5C101E41199CD25D0007C021 /* CoreGraphics.framework */,
				5C101E43199CD25D0007C021 /* UIKit.framework */,
				5C101E58199CD25D0007C021 /* XCTest.framework */,
			);
			name = Frameworks;
			sourceTree = "<group>";
		};
		5C101E45199CD25D0007C021 /* notificationcenter */ = {
			isa = PBXGroup;
			children = (
				5C101E4E199CD25D0007C021 /* AppDelegate.h */,
				5C101E4F199CD25D0007C021 /* AppDelegate.m */,
				5C101E51199CD25D0007C021 /* Images.xcassets */,
				5C101E46199CD25D0007C021 /* Supporting Files */,
			);
			path = notificationcenter;
			sourceTree = "<group>";
		};
		5C101E46199CD25D0007C021 /* Supporting Files */ = {
			isa = PBXGroup;
			children = (
				5C101E47199CD25D0007C021 /* notificationcenter-Info.plist */,
				5C101E48199CD25D0007C021 /* InfoPlist.strings */,
				5C101E4B199CD25D0007C021 /* main.m */,
				5C101E4D199CD25D0007C021 /* notificationcenter-Prefix.pch */,
			);
			name = "Supporting Files";
			sourceTree = "<group>";
		};
		5C101E5E199CD25D0007C021 /* notificationcenterTests */ = {
			isa = PBXGroup;
			children = (
				5C101E64199CD25D0007C021 /* notificationcenterTests.m */,
				5C101E5F199CD25D0007C021 /* Supporting Files */,
			);
			path = notificationcenterTests;
			sourceTree = "<group>";
		};
		5C101E5F199CD25D0007C021 /* Supporting Files */ = {
			isa = PBXGroup;
			children = (
				5C101E60199CD25D0007C021 /* notificationcenterTests-Info.plist */,
				5C101E61199CD25D0007C021 /* InfoPlist.strings */,
			);
			name = "Supporting Files";
			sourceTree = "<group>";
		};
/* End PBXGroup section */

/* Begin PBXNativeTarget section */
		5C101E3B199CD25D0007C021 /* notificationcenter */ = {
			isa = PBXNativeTarget;
			buildConfigurationList = 5C101E68199CD25D0007C021 /* Build configuration list for PBXNativeTarget "notificationcenter" */;
			buildPhases = (
				5C101E38199CD25D0007C021 /* Sources */,
				5C101E39199CD25D0007C021 /* Frameworks */,
				5C101E3A199CD25D0007C021 /* Resources */,
			);
			buildRules = (
			);
			dependencies = (
			);
			name = notificationcenter;
			productName = notificationcenter;
			productReference = 5C101E3C199CD25D0007C021 /* notificationcenter.app */;
			productType = "com.apple.product-type.application";
		};
		5C101E56199CD25D0007C021 /* notificationcenterTests */ = {
			isa = PBXNativeTarget;
			buildConfigurationList = 5C101E6B199CD25D0007C021 /* Build configuration list for PBXNativeTarget "notificationcenterTests" */;
			buildPhases = (
				5C101E53199CD25D0007C021 /* Sources */,
				5C101E54199CD25D0007C021 /* Frameworks */,
				5C101E55199CD25D0007C021 /* Resources */,
			);
			buildRules = (
			);
			dependencies = (
				5C101E5D199CD25D0007C021 /* PBXTargetDependency */,
			);
			name = notificationcenterTests;
			productName = notificationcenterTests;
			productReference = 5C101E57199CD25D0007C021 /* notificationcenterTests.xctest */;
			productType = "com.apple.product-type.bundle.unit-test";
		};
/* End PBXNativeTarget section */

/* Begin PBXProject section */
		5C101E34199CD25D0007C021 /* Project object */ = {
			isa = PBXProject;
			attributes = {
				LastUpgradeCheck = 0510;
				ORGANIZATIONNAME = Rita;
				TargetAttributes = {
					5C101E56199CD25D0007C021 = {
						TestTargetID = 5C101E3B199CD25D0007C021;
					};
				};
			};
			buildConfigurationList = 5C101E37199CD25D0007C021 /* Build configuration list for PBXProject "notificationcenter" */;
			compatibilityVersion = "Xcode 3.2";
			developmentRegion = English;
			hasScannedForEncodings = 0;
			knownRegions = (
				en,
			);
			mainGroup = 5C101E33199CD25D0007C021;
			productRefGroup = 5C101E3D199CD25D0007C021 /* Products */;
			projectDirPath = "";
			projectRoot = "";
			targets = (
				5C101E3B199CD25D0007C021 /* notificationcenter */,
				5C101E56199CD25D0007C021 /* notificationcenterTests */,
			);
		};
/* End PBXProject section */

/* Begin PBXResourcesBuildPhase section */
		5C101E3A199CD25D0007C021 /* Resources */ = {
			isa = PBXResourcesBuildPhase;
			buildActionMask = 2147483647;
			files = (
				5C101E4A199CD25D0007C021 /* InfoPlist.strings in Resources */,
				5C101E52199CD25D0007C021 /* Images.xcassets in Resources */,
			);
			runOnlyForDeploymentPostprocessing = 0;
		};
		5C101E55199CD25D0007C021 /* Resources */ = {
			isa = PBXResourcesBuildPhase;
			buildActionMask = 2147483647;
			files = (
				5C101E63199CD25D0007C021 /* InfoPlist.strings in Resources */,
			);
			runOnlyForDeploymentPostprocessing = 0;
		};
/* End PBXResourcesBuildPhase section */

/* Begin PBXSourcesBuildPhase section */
		5C101E38199CD25D0007C021 /* Sources */ = {
			isa = PBXSourcesBuildPhase;
			buildActionMask = 2147483647;
			files = (
				5C101E50199CD25D0007C021 /* AppDelegate.m in Sources */,
				5C101E4C199CD25D0007C021 /* main.m in Sources */,
			);
			runOnlyForDeploymentPostprocessing = 0;
		};
		5C101E53199CD25D0007C021 /* Sources */ = {
			isa = PBXSourcesBuildPhase;
			buildActionMask = 2147483647;
			files = (
				5C101E65199CD25D0007C021 /* notificationcenterTests.m in Sources */,
			);
			runOnlyForDeploymentPostprocessing = 0;
		};
/* End PBXSourcesBuildPhase section */

/* Begin PBXTargetDependency section */
		5C101E5D199CD25D0007C021 /* PBXTargetDependency */ = {
			isa = PBXTargetDependency;
			target = 5C101E3B199CD25D0007C021 /* notificationcenter */;
			targetProxy = 5C101E5C199CD25D0007C021 /* PBXContainerItemProxy */;
		};
/* End PBXTargetDependency section */

/* Begin PBXVariantGroup section */
		5C101E48199CD25D0007C021 /* InfoPlist.strings */ = {
			isa = PBXVariantGroup;
			children = (
				5C101E49199CD25D0007C021 /* en */,
			);
			name = InfoPlist.strings;
			sourceTree = "<group>";
		};
		5C101E61199CD25D0007C021 /* InfoPlist.strings */ = {
			isa = PBXVariantGroup;
			children = (
				5C101E62199CD25D0007C021 /* en */,
			);
			name = InfoPlist.strings;
			sourceTree = "<group>";
		};
/* End PBXVariantGroup section */

/* Begin XCBuildConfiguration section */
		5C101E66199CD25D0007C021 /* Debug */ = {
			isa = XCBuildConfiguration;
			buildSettings = {
				ALWAYS_SEARCH_USER_PATHS = NO;
				CLANG_CXX_LANGUAGE_STANDARD = "gnu++0x";
				CLANG_CXX_LIBRARY = "libc++";
				CLANG_ENABLE_MODULES = YES;
				CLANG_ENABLE_OBJC_ARC = YES;
				CLANG_WARN_BOOL_CONVERSION = YES;
				CLANG_WARN_CONSTANT_CONVERSION = YES;
				CLANG_WARN_DIRECT_OBJC_ISA_USAGE = YES_ERROR;
				CLANG_WARN_EMPTY_BODY = YES;
				CLANG_WARN_ENUM_CONVERSION = YES;
				CLANG_WARN_INT_CONVERSION = YES;
				CLANG_WARN_OBJC_ROOT_CLASS = YES_ERROR;
				CLANG_WARN__DUPLICATE_METHOD_MATCH = YES;
				"CODE_SIGN_IDENTITY[sdk=iphoneos*]" = "iPhone Developer";
				COPY_PHASE_STRIP = NO;
				GCC_C_LANGUAGE_STANDARD = gnu99;
				GCC_DYNAMIC_NO_PIC = NO;
				GCC_OPTIMIZATION_LEVEL = 0;
				GCC_PREPROCESSOR_DEFINITIONS = (
					"DEBUG=1",
					"$(inherited)",
				);
				GCC_SYMBOLS_PRIVATE_EXTERN = NO;
				GCC_WARN_64_TO_32_BIT_CONVERSION = YES;
				GCC_WARN_ABOUT_RETURN_TYPE = YES_ERROR;
				GCC_WARN_UNDECLARED_SELECTOR = YES;
				GCC_WARN_UNINITIALIZED_AUTOS = YES_AGGRESSIVE;
				GCC_WARN_UNUSED_FUNCTION = YES;
				GCC_WARN_UNUSED_VARIABLE = YES;
				IPHONEOS_DEPLOYMENT_TARGET = 7.1;
				ONLY_ACTIVE_ARCH = YES;
				SDKROOT = iphoneos;
			};
			name = Debug;
		};
		5C101E67199CD25D0007C021 /* Release */ = {
			isa = XCBuildConfiguration;
			buildSettings = {
				ALWAYS_SEARCH_USER_PATHS = NO;
				CLANG_CXX_LANGUAGE_STANDARD = "gnu++0x";
				CLANG_CXX_LIBRARY = "libc++";
				CLANG_ENABLE_MODULES = YES;
				CLANG_ENABLE_OBJC_ARC = YES;
				CLANG_WARN_BOOL_CONVERSION = YES;
				CLANG_WARN_CONSTANT_CONVERSION = YES;
				CLANG_WARN_DIRECT_OBJC_ISA_USAGE = YES_ERROR;
				CLANG_WARN_EMPTY_BODY = YES;
				CLANG_WARN_ENUM_CONVERSION = YES;
				CLANG_WARN_INT_CONVERSION = YES;
				CLANG_WARN_OBJC_ROOT_CLASS = YES_ERROR;
				CLANG_WARN__DUPLICATE_METHOD_MATCH = YES;
				"CODE_SIGN_IDENTITY[sdk=iphoneos*]" = "iPhone Developer";
				COPY_PHASE_STRIP = YES;
				ENABLE_NS_ASSERTIONS = NO;
				GCC_C_LANGUAGE_STANDARD = gnu99;
				GCC_WARN_64_TO_32_BIT_CONVERSION = YES;
				GCC_WARN_ABOUT_RETURN_TYPE = YES_ERROR;
				GCC_WARN_UNDECLARED_SELECTOR = YES;
				GCC_WARN_UNINITIALIZED_AUTOS = YES_AGGRESSIVE;
				GCC_WARN_UNUSED_FUNCTION = YES;
				GCC_WARN_UNUSED_VARIABLE = YES;
				IPHONEOS_DEPLOYMENT_TARGET = 7.1;
				SDKROOT = iphoneos;
				VALIDATE_PRODUCT = YES;
			};
			name = Release;
		};
		5C101E69199CD25D0007C021 /* Debug */ = {
			isa = XCBuildConfiguration;
			buildSettings = {
				ASSETCATALOG_COMPILER_APPICON_NAME = AppIcon;
				ASSETCATALOG_COMPILER_LAUNCHIMAGE_NAME = LaunchImage;
				GCC_PRECOMPILE_PREFIX_HEADER = YES;
				GCC_PREFIX_HEADER = "notificationcenter/notificationcenter-Prefix.pch";
				INFOPLIST_FILE = "notificationcenter/notificationcenter-Info.plist";
				PRODUCT_NAME = "$(TARGET_NAME)";
				WRAPPER_EXTENSION = app;
			};
			name = Debug;
		};
		5C101E6A199CD25D0007C021 /* Release */ = {
			isa = XCBuildConfiguration;
			buildSettings = {
				ASSETCATALOG_COMPILER_APPICON_NAME = AppIcon;
				ASSETCATALOG_COMPILER_LAUNCHIMAGE_NAME = LaunchImage;
				GCC_PRECOMPILE_PREFIX_HEADER = YES;
				GCC_PREFIX_HEADER = "notificationcenter/notificationcenter-Prefix.pch";
				INFOPLIST_FILE = "notificationcenter/notificationcenter-Info.plist";
				PRODUCT_NAME = "$(TARGET_NAME)";
				WRAPPER_EXTENSION = app;
			};
			name = Release;
		};
		5C101E6C199CD25D0007C021 /* Debug */ = {
			isa = XCBuildConfiguration;
			buildSettings = {
				BUNDLE_LOADER = "$(BUILT_PRODUCTS_DIR)/notificationcenter.app/notificationcenter";
				FRAMEWORK_SEARCH_PATHS = (
					"$(SDKROOT)/Developer/Library/Frameworks",
					"$(inherited)",
					"$(DEVELOPER_FRAMEWORKS_DIR)",
				);
				GCC_PRECOMPILE_PREFIX_HEADER = YES;
				GCC_PREFIX_HEADER = "notificationcenter/notificationcenter-Prefix.pch";
				GCC_PREPROCESSOR_DEFINITIONS = (
					"DEBUG=1",
					"$(inherited)",
				);
				INFOPLIST_FILE = "notificationcenterTests/notificationcenterTests-Info.plist";
				PRODUCT_NAME = "$(TARGET_NAME)";
				TEST_HOST = "$(BUNDLE_LOADER)";
				WRAPPER_EXTENSION = xctest;
			};
			name = Debug;
		};
		5C101E6D199CD25D0007C021 /* Release */ = {
			isa = XCBuildConfiguration;
			buildSettings = {
				BUNDLE_LOADER = "$(BUILT_PRODUCTS_DIR)/notificationcenter.app/notificationcenter";
				FRAMEWORK_SEARCH_PATHS = (
					"$(SDKROOT)/Developer/Library/Frameworks",
					"$(inherited)",
					"$(DEVELOPER_FRAMEWORKS_DIR)",
				);
				GCC_PRECOMPILE_PREFIX_HEADER = YES;
				GCC_PREFIX_HEADER = "notificationcenter/notificationcenter-Prefix.pch";
				INFOPLIST_FILE = "notificationcenterTests/notificationcenterTests-Info.plist";
				PRODUCT_NAME = "$(TARGET_NAME)";
				TEST_HOST = "$(BUNDLE_LOADER)";
				WRAPPER_EXTENSION = xctest;
			};
			name = Release;
		};
/* End XCBuildConfiguration section */

/* Begin XCConfigurationList section */
		5C101E37199CD25D0007C021 /* Build configuration list for PBXProject "notificationcenter" */ = {
			isa = XCConfigurationList;
			buildConfigurations = (
				5C101E66199CD25D0007C021 /* Debug */,
				5C101E67199CD25D0007C021 /* Release */,
			);
			defaultConfigurationIsVisible = 0;
			defaultConfigurationName = Release;
		};
		5C101E68199CD25D0007C021 /* Build configuration list for PBXNativeTarget "notificationcenter" */ = {
			isa = XCConfigurationList;
			buildConfigurations = (
				5C101E69199CD25D0007C021 /* Debug */,
				5C101E6A199CD25D0007C021 /* Release */,
			);
			defaultConfigurationIsVisible = 0;
		};
		5C101E6B199CD25D0007C021 /* Build configuration list for PBXNativeTarget "notificationcenterTests" */ = {
			isa = XCConfigurationList;
			buildConfigurations = (
				5C101E6C199CD25D0007C021 /* Debug */,
				5C101E6D199CD25D0007C021 /* Release */,
			);
			defaultConfigurationIsVisible = 0;
		};
/* End XCConfigurationList section */
	};
	rootObject = 5C101E34199CD25D0007C021 /* Project object */;
}
